
Microsoft Visual Studio Solution File, Format Version 12.00
# Visual Studio Version 17
VisualStudioVersion = 17.3.32819.101
MinimumVisualStudioVersion = 10.0.40219.1
Project("{FAE04EC0-301F-11D3-BF4B-00C04F79EFBC}") = "Voting System", "Voting System\Voting System.csproj", "{1B466AFD-2118-4C1C-B55D-2CB21677CC0D}"
EndProject
Project("{FAE04EC0-301F-11D3-BF4B-00C04F79EFBC}") = "Domains", "Domains\Domains.csproj", "{79481157-CFD1-47FB-9CEF-BDA832EEE469}"
EndProject
Project("{FAE04EC0-301F-11D3-BF4B-00C04F79EFBC}") = "Bl", "Bl\Bl.csproj", "{9E2CB642-A204-4EFD-81FC-75590D59F056}"
EndProject
Global
	GlobalSection(SolutionConfigurationPlatforms) = preSolution
		Debug|Any CPU = Debug|Any CPU
		Release|Any CPU = Release|Any CPU
	EndGlobalSection
	GlobalSection(ProjectConfigurationPlatforms) = postSolution
		{1B466AFD-2118-4C1C-B55D-2CB21677CC0D}.Debug|Any CPU.ActiveCfg = Debug|Any CPU
		{1B466AFD-2118-4C1C-B55D-2CB21677CC0D}.Debug|Any CPU.Build.0 = Debug|Any CPU
		{1B466AFD-2118-4C1C-B55D-2CB21677CC0D}.Release|Any CPU.ActiveCfg = Release|Any CPU
		{1B466AFD-2118-4C1C-B55D-2CB21677CC0D}.Release|Any CPU.Build.0 = Release|Any CPU
		{79481157-CFD1-47FB-9CEF-BDA832EEE469}.Debug|Any CPU.ActiveCfg = Debug|Any CPU
		{79481157-CFD1-47FB-9CEF-BDA832EEE469}.Debug|Any CPU.Build.0 = Debug|Any CPU
		{79481157-CFD1-47FB-9CEF-BDA832EEE469}.Release|Any CPU.ActiveCfg = Release|Any CPU
		{79481157-CFD1-47FB-9CEF-BDA832EEE469}.Release|Any CPU.Build.0 = Release|Any CPU
		{9E2CB642-A204-4EFD-81FC-75590D59F056}.Debug|Any CPU.ActiveCfg = Debug|Any CPU
		{9E2CB642-A204-4EFD-81FC-75590D59F056}.Debug|Any CPU.Build.0 = Debug|Any CPU
		{9E2CB642-A204-4EFD-81FC-75590D59F056}.Release|Any CPU.ActiveCfg = Release|Any CPU
		{9E2CB642-A204-4EFD-81FC-75590D59F056}.Release|Any CPU.Build.0 = Release|Any CPU
	EndGlobalSection
	GlobalSection(SolutionProperties) = preSolution
		HideSolutionNode = FALSE
	EndGlobalSection
	GlobalSection(ExtensibilityGlobals) = postSolution
		SolutionGuid = {CB866668-E1F6-4341-9B85-2F7EB7685981}
	EndGlobalSection
EndGlobal
